
Microsoft Visual Studio Solution File, Format Version 12.00
# Visual Studio 15
VisualStudioVersion = 15.0.27130.2020
MinimumVisualStudioVersion = 10.0.40219.1
Project("{9A19103F-16F7-4668-BE54-9A1E7A4F7556}") = "CML.SqlDoc.Domain", "CML.SqlDoc.Domain\CML.SqlDoc.Domain.csproj", "{EFEF472E-3024-4E88-A130-6CA84E6C3EE7}"
EndProject
Project("{9A19103F-16F7-4668-BE54-9A1E7A4F7556}") = "CML.SqlDoc.Repository", "CML.SqlDoc.Repository\CML.SqlDoc.Repository.csproj", "{AF5B12D3-68AB-48D0-945B-9D4F80EF9D1C}"
EndProject
Project("{9A19103F-16F7-4668-BE54-9A1E7A4F7556}") = "CML.SqlDoc.Trans", "CML.SqlDoc.Trans\CML.SqlDoc.Trans.csproj", "{298AFB32-251D-4EEB-B308-3314F4191D46}"
EndProject
Project("{9A19103F-16F7-4668-BE54-9A1E7A4F7556}") = "CML.SqlDoc.Web", "CML.SqlDoc.Web\CML.SqlDoc.Web.csproj", "{F172EA23-A2F4-4103-8D8B-D09BB014AAF4}"
EndProject
Global
	GlobalSection(SolutionConfigurationPlatforms) = preSolution
		Debug|Any CPU = Debug|Any CPU
		Release|Any CPU = Release|Any CPU
	EndGlobalSection
	GlobalSection(ProjectConfigurationPlatforms) = postSolution
		{EFEF472E-3024-4E88-A130-6CA84E6C3EE7}.Debug|Any CPU.ActiveCfg = Debug|Any CPU
		{EFEF472E-3024-4E88-A130-6CA84E6C3EE7}.Debug|Any CPU.Build.0 = Debug|Any CPU
		{EFEF472E-3024-4E88-A130-6CA84E6C3EE7}.Release|Any CPU.ActiveCfg = Release|Any CPU
		{EFEF472E-3024-4E88-A130-6CA84E6C3EE7}.Release|Any CPU.Build.0 = Release|Any CPU
		{AF5B12D3-68AB-48D0-945B-9D4F80EF9D1C}.Debug|Any CPU.ActiveCfg = Debug|Any CPU
		{AF5B12D3-68AB-48D0-945B-9D4F80EF9D1C}.Debug|Any CPU.Build.0 = Debug|Any CPU
		{AF5B12D3-68AB-48D0-945B-9D4F80EF9D1C}.Release|Any CPU.ActiveCfg = Release|Any CPU
		{AF5B12D3-68AB-48D0-945B-9D4F80EF9D1C}.Release|Any CPU.Build.0 = Release|Any CPU
		{298AFB32-251D-4EEB-B308-3314F4191D46}.Debug|Any CPU.ActiveCfg = Debug|Any CPU
		{298AFB32-251D-4EEB-B308-3314F4191D46}.Debug|Any CPU.Build.0 = Debug|Any CPU
		{298AFB32-251D-4EEB-B308-3314F4191D46}.Release|Any CPU.ActiveCfg = Release|Any CPU
		{298AFB32-251D-4EEB-B308-3314F4191D46}.Release|Any CPU.Build.0 = Release|Any CPU
		{F172EA23-A2F4-4103-8D8B-D09BB014AAF4}.Debug|Any CPU.ActiveCfg = Debug|Any CPU
		{F172EA23-A2F4-4103-8D8B-D09BB014AAF4}.Debug|Any CPU.Build.0 = Debug|Any CPU
		{F172EA23-A2F4-4103-8D8B-D09BB014AAF4}.Release|Any CPU.ActiveCfg = Release|Any CPU
		{F172EA23-A2F4-4103-8D8B-D09BB014AAF4}.Release|Any CPU.Build.0 = Release|Any CPU
	EndGlobalSection
	GlobalSection(SolutionProperties) = preSolution
		HideSolutionNode = FALSE
	EndGlobalSection
	GlobalSection(ExtensibilityGlobals) = postSolution
		SolutionGuid = {F016290C-3436-4DCC-AEB4-983AB1498DC7}
	EndGlobalSection
EndGlobal
